Microsoft Visual Studio Solution File, Format Version 12.00
# Visual Studio Version 17
VisualStudioVersion = 17.5.2.0
MinimumVisualStudioVersion = 10.0.40219.1
Project("{FAE04EC0-301F-11D3-BF4B-00C04F79EFBC}") = "testYourPassword", "testYourPassword.csproj", "{1A489DA6-D4AF-EB39-1325-569C27D9CA7B}"
EndProject
Global
	GlobalSection(SolutionConfigurationPlatforms) = preSolution
		Debug|Any CPU = Debug|Any CPU
		Release|Any CPU = Release|Any CPU
	EndGlobalSection
	GlobalSection(ProjectConfigurationPlatforms) = postSolution
		{1A489DA6-D4AF-EB39-1325-569C27D9CA7B}.Debug|Any CPU.ActiveCfg = Debug|Any CPU
		{1A489DA6-D4AF-EB39-1325-569C27D9CA7B}.Debug|Any CPU.Build.0 = Debug|Any CPU
		{1A489DA6-D4AF-EB39-1325-569C27D9CA7B}.Release|Any CPU.ActiveCfg = Release|Any CPU
		{1A489DA6-D4AF-EB39-1325-569C27D9CA7B}.Release|Any CPU.Build.0 = Release|Any CPU
	EndGlobalSection
	GlobalSection(SolutionProperties) = preSolution
		HideSolutionNode = FALSE
	EndGlobalSection
	GlobalSection(ExtensibilityGlobals) = postSolution
		SolutionGuid = {D93AA0AC-E3A1-4C54-98BC-75CE95E6B553}
	EndGlobalSection
EndGlobal
